Microsoft Visual Studio Solution File, Format Version 11.00
# Visual Studio 2008

Project("{90A1C120-DFA6-104B-A90C-A379ABB0BF88}") = "itrevol2016", "Assembly-CSharp.csproj", "{5B6202C6-E068-65AC-51FE-2688FFD446C5}"
EndProject
Project("{90A1C120-DFA6-104B-A90C-A379ABB0BF88}") = "itrevol2016", "Assembly-CSharp-Editor.csproj", "{9A1287E8-D8F7-7E53-CCB8-C6A8A57480EF}"
EndProject
Global
	GlobalSection(SolutionConfigurationPlatforms) = preSolution
		Debug|Any CPU = Debug|Any CPU
		Release|Any CPU = Release|Any CPU
	EndGlobalSection
	GlobalSection(ProjectConfigurationPlatforms) = postSolution
		{5B6202C6-E068-65AC-51FE-2688FFD446C5}.Debug|Any CPU.ActiveCfg = Debug|Any CPU
		{5B6202C6-E068-65AC-51FE-2688FFD446C5}.Debug|Any CPU.Build.0 = Debug|Any CPU
		{5B6202C6-E068-65AC-51FE-2688FFD446C5}.Release|Any CPU.ActiveCfg = Release|Any CPU
		{5B6202C6-E068-65AC-51FE-2688FFD446C5}.Release|Any CPU.Build.0 = Release|Any CPU
		{9A1287E8-D8F7-7E53-CCB8-C6A8A57480EF}.Debug|Any CPU.ActiveCfg = Debug|Any CPU
		{9A1287E8-D8F7-7E53-CCB8-C6A8A57480EF}.Debug|Any CPU.Build.0 = Debug|Any CPU
		{9A1287E8-D8F7-7E53-CCB8-C6A8A57480EF}.Release|Any CPU.ActiveCfg = Release|Any CPU
		{9A1287E8-D8F7-7E53-CCB8-C6A8A57480EF}.Release|Any CPU.Build.0 = Release|Any CPU
	EndGlobalSection
	GlobalSection(SolutionProperties) = preSolution
		HideSolutionNode = FALSE
	EndGlobalSection
	GlobalSection(MonoDevelopProperties) = preSolution
		StartupItem = Assembly-CSharp.csproj
	EndGlobalSection
EndGlobal
