Microsoft Visual Studio Solution File, Format Version 11.00
# Visual Studio 2008

Project("{472967DF-7742-E0CC-FF21-724ABA8A06E1}") = "ITRevol2016", "Assembly-CSharp.csproj", "{37EA79A1-D634-81EA-8198-3122728C2A92}"
EndProject
Project("{472967DF-7742-E0CC-FF21-724ABA8A06E1}") = "ITRevol2016", "Assembly-CSharp-Editor.csproj", "{AF373136-F9E0-655B-CFEC-331688A074C8}"
EndProject
Global
	GlobalSection(SolutionConfigurationPlatforms) = preSolution
		Debug|Any CPU = Debug|Any CPU
		Release|Any CPU = Release|Any CPU
	EndGlobalSection
	GlobalSection(ProjectConfigurationPlatforms) = postSolution
		{37EA79A1-D634-81EA-8198-3122728C2A92}.Debug|Any CPU.ActiveCfg = Debug|Any CPU
		{37EA79A1-D634-81EA-8198-3122728C2A92}.Debug|Any CPU.Build.0 = Debug|Any CPU
		{37EA79A1-D634-81EA-8198-3122728C2A92}.Release|Any CPU.ActiveCfg = Release|Any CPU
		{37EA79A1-D634-81EA-8198-3122728C2A92}.Release|Any CPU.Build.0 = Release|Any CPU
		{AF373136-F9E0-655B-CFEC-331688A074C8}.Debug|Any CPU.ActiveCfg = Debug|Any CPU
		{AF373136-F9E0-655B-CFEC-331688A074C8}.Debug|Any CPU.Build.0 = Debug|Any CPU
		{AF373136-F9E0-655B-CFEC-331688A074C8}.Release|Any CPU.ActiveCfg = Release|Any CPU
		{AF373136-F9E0-655B-CFEC-331688A074C8}.Release|Any CPU.Build.0 = Release|Any CPU
	EndGlobalSection
	GlobalSection(SolutionProperties) = preSolution
		HideSolutionNode = FALSE
	EndGlobalSection
	GlobalSection(MonoDevelopProperties) = preSolution
		StartupItem = Assembly-CSharp.csproj
	EndGlobalSection
EndGlobal
